
Microsoft Visual Studio Solution File, Format Version 12.00
# Visual Studio Version 17
VisualStudioVersion = 17.2.32519.379
MinimumVisualStudioVersion = 10.0.40219.1
Project("{FAE04EC0-301F-11D3-BF4B-00C04F79EFBC}") = "CapaPresentacion", "SietemaMercadoLibre\CapaPresentacion.csproj", "{D4BF814B-E2C1-456F-ABAD-D991AB95AEFA}"
EndProject
Project("{FAE04EC0-301F-11D3-BF4B-00C04F79EFBC}") = "CapaDatos", "CapaDatos\CapaDatos.csproj", "{DC654F37-5306-4001-8EDF-1FF3092E6E27}"
EndProject
Project("{FAE04EC0-301F-11D3-BF4B-00C04F79EFBC}") = "CapaEntidad", "CapaEntidad\CapaEntidad.csproj", "{BD4BC563-5F7B-4B8F-89F6-4A93359D72CF}"
EndProject
Project("{FAE04EC0-301F-11D3-BF4B-00C04F79EFBC}") = "CapaNegocio", "CapaNegocio\CapaNegocio.csproj", "{14641B8B-443A-4314-AC1E-32A5507B6C8C}"
EndProject
Global
	GlobalSection(SolutionConfigurationPlatforms) = preSolution
		Debug|Any CPU = Debug|Any CPU
		Release|Any CPU = Release|Any CPU
	EndGlobalSection
	GlobalSection(ProjectConfigurationPlatforms) = postSolution
		{D4BF814B-E2C1-456F-ABAD-D991AB95AEFA}.Debug|Any CPU.ActiveCfg = Debug|Any CPU
		{D4BF814B-E2C1-456F-ABAD-D991AB95AEFA}.Debug|Any CPU.Build.0 = Debug|Any CPU
		{D4BF814B-E2C1-456F-ABAD-D991AB95AEFA}.Release|Any CPU.ActiveCfg = Release|Any CPU
		{D4BF814B-E2C1-456F-ABAD-D991AB95AEFA}.Release|Any CPU.Build.0 = Release|Any CPU
		{DC654F37-5306-4001-8EDF-1FF3092E6E27}.Debug|Any CPU.ActiveCfg = Debug|Any CPU
		{DC654F37-5306-4001-8EDF-1FF3092E6E27}.Debug|Any CPU.Build.0 = Debug|Any CPU
		{DC654F37-5306-4001-8EDF-1FF3092E6E27}.Release|Any CPU.ActiveCfg = Release|Any CPU
		{DC654F37-5306-4001-8EDF-1FF3092E6E27}.Release|Any CPU.Build.0 = Release|Any CPU
		{BD4BC563-5F7B-4B8F-89F6-4A93359D72CF}.Debug|Any CPU.ActiveCfg = Debug|Any CPU
		{BD4BC563-5F7B-4B8F-89F6-4A93359D72CF}.Debug|Any CPU.Build.0 = Debug|Any CPU
		{BD4BC563-5F7B-4B8F-89F6-4A93359D72CF}.Release|Any CPU.ActiveCfg = Release|Any CPU
		{BD4BC563-5F7B-4B8F-89F6-4A93359D72CF}.Release|Any CPU.Build.0 = Release|Any CPU
		{14641B8B-443A-4314-AC1E-32A5507B6C8C}.Debug|Any CPU.ActiveCfg = Debug|Any CPU
		{14641B8B-443A-4314-AC1E-32A5507B6C8C}.Debug|Any CPU.Build.0 = Debug|Any CPU
		{14641B8B-443A-4314-AC1E-32A5507B6C8C}.Release|Any CPU.ActiveCfg = Release|Any CPU
		{14641B8B-443A-4314-AC1E-32A5507B6C8C}.Release|Any CPU.Build.0 = Release|Any CPU
	EndGlobalSection
	GlobalSection(SolutionProperties) = preSolution
		HideSolutionNode = FALSE
	EndGlobalSection
	GlobalSection(ExtensibilityGlobals) = postSolution
		SolutionGuid = {C7A8D94F-1C50-404F-926B-5E0323B23C84}
	EndGlobalSection
EndGlobal
